{
  "name": "npm-boost",
  "version": "1.0.0",
  "lockfileVersion": 1,
  "requires": true,
  "dependencies": {
    "@aero/centra": {
      "version": "1.0.3",
      "resolved": "https://registry.npmjs.org/@aero/centra/-/centra-1.0.3.tgz",
      "integrity": "sha512-Ljd3utKoMcXiMSLr4uxMD9EAFeqw2nOEGfvMXVRKX4sT1OlYuUVQEz1Xrfi5z0RNrGXjm50lJq1jLlRW4FYcEA=="
    },
    "sleep-async": {
      "version": "1.0.5",
      "resolved": "https://registry.npmjs.org/sleep-async/-/sleep-async-1.0.5.tgz",
      "integrity": "sha512-G2B+GBBshG+gSKZZeCTX5ONnF7XVUVpYP0O4QYWmXH6XIpEUfcFbWWwQKleZixg68PWEArvVEi23159F7ohlUQ=="
    }
  }
}
